
Microsoft Visual Studio Solution File, Format Version 12.00
# Visual Studio Version 16
VisualStudioVersion = 16.0.29709.97
MinimumVisualStudioVersion = 10.0.40219.1
Project("{8BC9CEB8-8B4A-11D0-8D11-00A0C91BC942}") = "Practical3Q2", "Practical3Q2.vcxproj", "{D7BE8114-BCBC-4D9E-BA10-449BA632BC91}"
EndProject
Global
	GlobalSection(SolutionConfigurationPlatforms) = preSolution
		Debug|x64 = Debug|x64
		Debug|x86 = Debug|x86
		Release|x64 = Release|x64
		Release|x86 = Release|x86
	EndGlobalSection
	GlobalSection(ProjectConfigurationPlatforms) = postSolution
		{D7BE8114-BCBC-4D9E-BA10-449BA632BC91}.Debug|x64.ActiveCfg = Debug|x64
		{D7BE8114-BCBC-4D9E-BA10-449BA632BC91}.Debug|x64.Build.0 = Debug|x64
		{D7BE8114-BCBC-4D9E-BA10-449BA632BC91}.Debug|x86.ActiveCfg = Debug|Win32
		{D7BE8114-BCBC-4D9E-BA10-449BA632BC91}.Debug|x86.Build.0 = Debug|Win32
		{D7BE8114-BCBC-4D9E-BA10-449BA632BC91}.Release|x64.ActiveCfg = Release|x64
		{D7BE8114-BCBC-4D9E-BA10-449BA632BC91}.Release|x64.Build.0 = Release|x64
		{D7BE8114-BCBC-4D9E-BA10-449BA632BC91}.Release|x86.ActiveCfg = Release|Win32
		{D7BE8114-BCBC-4D9E-BA10-449BA632BC91}.Release|x86.Build.0 = Release|Win32
	EndGlobalSection
	GlobalSection(SolutionProperties) = preSolution
		HideSolutionNode = FALSE
	EndGlobalSection
	GlobalSection(ExtensibilityGlobals) = postSolution
		SolutionGuid = {97313D9D-25C3-403E-A5B5-7C6EB34E3A99}
	EndGlobalSection
EndGlobal
