
Microsoft Visual Studio Solution File, Format Version 12.00
# Visual Studio Version 16
VisualStudioVersion = 16.0.29709.97
MinimumVisualStudioVersion = 10.0.40219.1
Project("{8BC9CEB8-8B4A-11D0-8D11-00A0C91BC942}") = "Practical3Q2.2", "Practical3Q2.2.vcxproj", "{EC158995-F7D0-45FE-A606-1A1DBA838BB1}"
EndProject
Global
	GlobalSection(SolutionConfigurationPlatforms) = preSolution
		Debug|x64 = Debug|x64
		Debug|x86 = Debug|x86
		Release|x64 = Release|x64
		Release|x86 = Release|x86
	EndGlobalSection
	GlobalSection(ProjectConfigurationPlatforms) = postSolution
		{EC158995-F7D0-45FE-A606-1A1DBA838BB1}.Debug|x64.ActiveCfg = Debug|x64
		{EC158995-F7D0-45FE-A606-1A1DBA838BB1}.Debug|x64.Build.0 = Debug|x64
		{EC158995-F7D0-45FE-A606-1A1DBA838BB1}.Debug|x86.ActiveCfg = Debug|Win32
		{EC158995-F7D0-45FE-A606-1A1DBA838BB1}.Debug|x86.Build.0 = Debug|Win32
		{EC158995-F7D0-45FE-A606-1A1DBA838BB1}.Release|x64.ActiveCfg = Release|x64
		{EC158995-F7D0-45FE-A606-1A1DBA838BB1}.Release|x64.Build.0 = Release|x64
		{EC158995-F7D0-45FE-A606-1A1DBA838BB1}.Release|x86.ActiveCfg = Release|Win32
		{EC158995-F7D0-45FE-A606-1A1DBA838BB1}.Release|x86.Build.0 = Release|Win32
	EndGlobalSection
	GlobalSection(SolutionProperties) = preSolution
		HideSolutionNode = FALSE
	EndGlobalSection
	GlobalSection(ExtensibilityGlobals) = postSolution
		SolutionGuid = {CFADA0B2-1403-492B-B629-11EA95606051}
	EndGlobalSection
EndGlobal
